
Microsoft Visual Studio Solution File, Format Version 12.00
# Visual Studio Version 16
VisualStudioVersion = 16.0.32413.511
MinimumVisualStudioVersion = 10.0.40219.1
Project("{9A19103F-16F7-4668-BE54-9A1E7A4F7556}") = "LIK.room", "LIK.room\LIK.room.csproj", "{907F4126-CEE8-4408-A9FF-ECB29589C4E7}"
EndProject
Project("{2150E333-8FDC-42A3-9474-1A3956D46DE8}") = "Core", "Core", "{01EC97E8-86FF-4404-9BA0-2442DB4000AA}"
EndProject
Project("{2150E333-8FDC-42A3-9474-1A3956D46DE8}") = "Infrastructure", "Infrastructure", "{5771D5CF-DA6D-48B0-AE6C-21996A50AAC3}"
EndProject
Project("{2150E333-8FDC-42A3-9474-1A3956D46DE8}") = "Presentation", "Presentation", "{E7947EB8-149E-4FF1-849C-34EAB7473435}"
EndProject
Project("{2150E333-8FDC-42A3-9474-1A3956D46DE8}") = "Test", "Test", "{73D55423-0F11-467B-A12E-4DA090B25159}"
EndProject
Project("{2150E333-8FDC-42A3-9474-1A3956D46DE8}") = "src", "src", "{CE5522B6-D8AB-4797-884E-3E88D09ACEB2}"
EndProject
Project("{2150E333-8FDC-42A3-9474-1A3956D46DE8}") = "API", "API", "{A98F73E6-4D31-43AA-A873-5E7A93E3EE07}"
EndProject
Project("{FAE04EC0-301F-11D3-BF4B-00C04F79EFBC}") = "LIK.Domain", "LIK.Domain\LIK.Domain.csproj", "{376C3F3C-9AEA-44E3-BBA7-37005FB114A7}"
EndProject
Project("{FAE04EC0-301F-11D3-BF4B-00C04F79EFBC}") = "LIK.Application", "LIK.Application\LIK.Application.csproj", "{62BE1B64-31D3-4939-8498-68400E2E5AD3}"
EndProject
Project("{FAE04EC0-301F-11D3-BF4B-00C04F79EFBC}") = "LIK.Persistence", "LIK.Persistance\LIK.Persistence.csproj", "{F94604FB-97E1-45D3-9F1A-D8A11217AB18}"
EndProject
Project("{FAE04EC0-301F-11D3-BF4B-00C04F79EFBC}") = "LIK.WebAPI", "LIK.WebAPI\LIK.WebAPI.csproj", "{88023BBF-F378-4971-AE15-B01660D20885}"
EndProject
Global
	GlobalSection(SolutionConfigurationPlatforms) = preSolution
		Debug|Any CPU = Debug|Any CPU
		Release|Any CPU = Release|Any CPU
	EndGlobalSection
	GlobalSection(ProjectConfigurationPlatforms) = postSolution
		{907F4126-CEE8-4408-A9FF-ECB29589C4E7}.Debug|Any CPU.ActiveCfg = Debug|Any CPU
		{907F4126-CEE8-4408-A9FF-ECB29589C4E7}.Debug|Any CPU.Build.0 = Debug|Any CPU
		{907F4126-CEE8-4408-A9FF-ECB29589C4E7}.Release|Any CPU.ActiveCfg = Release|Any CPU
		{907F4126-CEE8-4408-A9FF-ECB29589C4E7}.Release|Any CPU.Build.0 = Release|Any CPU
		{376C3F3C-9AEA-44E3-BBA7-37005FB114A7}.Debug|Any CPU.ActiveCfg = Debug|Any CPU
		{376C3F3C-9AEA-44E3-BBA7-37005FB114A7}.Debug|Any CPU.Build.0 = Debug|Any CPU
		{376C3F3C-9AEA-44E3-BBA7-37005FB114A7}.Release|Any CPU.ActiveCfg = Release|Any CPU
		{376C3F3C-9AEA-44E3-BBA7-37005FB114A7}.Release|Any CPU.Build.0 = Release|Any CPU
		{62BE1B64-31D3-4939-8498-68400E2E5AD3}.Debug|Any CPU.ActiveCfg = Debug|Any CPU
		{62BE1B64-31D3-4939-8498-68400E2E5AD3}.Debug|Any CPU.Build.0 = Debug|Any CPU
		{62BE1B64-31D3-4939-8498-68400E2E5AD3}.Release|Any CPU.ActiveCfg = Release|Any CPU
		{62BE1B64-31D3-4939-8498-68400E2E5AD3}.Release|Any CPU.Build.0 = Release|Any CPU
		{F94604FB-97E1-45D3-9F1A-D8A11217AB18}.Debug|Any CPU.ActiveCfg = Debug|Any CPU
		{F94604FB-97E1-45D3-9F1A-D8A11217AB18}.Debug|Any CPU.Build.0 = Debug|Any CPU
		{F94604FB-97E1-45D3-9F1A-D8A11217AB18}.Release|Any CPU.ActiveCfg = Release|Any CPU
		{F94604FB-97E1-45D3-9F1A-D8A11217AB18}.Release|Any CPU.Build.0 = Release|Any CPU
		{88023BBF-F378-4971-AE15-B01660D20885}.Debug|Any CPU.ActiveCfg = Debug|Any CPU
		{88023BBF-F378-4971-AE15-B01660D20885}.Debug|Any CPU.Build.0 = Debug|Any CPU
		{88023BBF-F378-4971-AE15-B01660D20885}.Release|Any CPU.ActiveCfg = Release|Any CPU
		{88023BBF-F378-4971-AE15-B01660D20885}.Release|Any CPU.Build.0 = Release|Any CPU
	EndGlobalSection
	GlobalSection(SolutionProperties) = preSolution
		HideSolutionNode = FALSE
	EndGlobalSection
	GlobalSection(NestedProjects) = preSolution
		{907F4126-CEE8-4408-A9FF-ECB29589C4E7} = {A98F73E6-4D31-43AA-A873-5E7A93E3EE07}
		{01EC97E8-86FF-4404-9BA0-2442DB4000AA} = {CE5522B6-D8AB-4797-884E-3E88D09ACEB2}
		{5771D5CF-DA6D-48B0-AE6C-21996A50AAC3} = {CE5522B6-D8AB-4797-884E-3E88D09ACEB2}
		{E7947EB8-149E-4FF1-849C-34EAB7473435} = {CE5522B6-D8AB-4797-884E-3E88D09ACEB2}
		{A98F73E6-4D31-43AA-A873-5E7A93E3EE07} = {CE5522B6-D8AB-4797-884E-3E88D09ACEB2}
		{376C3F3C-9AEA-44E3-BBA7-37005FB114A7} = {01EC97E8-86FF-4404-9BA0-2442DB4000AA}
		{62BE1B64-31D3-4939-8498-68400E2E5AD3} = {01EC97E8-86FF-4404-9BA0-2442DB4000AA}
		{F94604FB-97E1-45D3-9F1A-D8A11217AB18} = {5771D5CF-DA6D-48B0-AE6C-21996A50AAC3}
		{88023BBF-F378-4971-AE15-B01660D20885} = {E7947EB8-149E-4FF1-849C-34EAB7473435}
	EndGlobalSection
	GlobalSection(ExtensibilityGlobals) = postSolution
		SolutionGuid = {0F00C60F-AD93-4B8F-82F7-20A18F6A7CC9}
	EndGlobalSection
EndGlobal
